
Microsoft Visual Studio Solution File, Format Version 12.00
# Visual Studio Version 16
VisualStudioVersion = 16.0.30320.27
MinimumVisualStudioVersion = 10.0.40219.1
Project("{FAE04EC0-301F-11D3-BF4B-00C04F79EFBC}") = "MadLibs", "MadLibs\MadLibs.csproj", "{DECC85E8-A550-4AF8-B7BC-A4A31214395D}"
EndProject
Global
	GlobalSection(SolutionConfigurationPlatforms) = preSolution
		Debug|Any CPU = Debug|Any CPU
		Release|Any CPU = Release|Any CPU
	EndGlobalSection
	GlobalSection(ProjectConfigurationPlatforms) = postSolution
		{DECC85E8-A550-4AF8-B7BC-A4A31214395D}.Debug|Any CPU.ActiveCfg = Debug|Any CPU
		{DECC85E8-A550-4AF8-B7BC-A4A31214395D}.Debug|Any CPU.Build.0 = Debug|Any CPU
		{DECC85E8-A550-4AF8-B7BC-A4A31214395D}.Release|Any CPU.ActiveCfg = Release|Any CPU
		{DECC85E8-A550-4AF8-B7BC-A4A31214395D}.Release|Any CPU.Build.0 = Release|Any CPU
	EndGlobalSection
	GlobalSection(SolutionProperties) = preSolution
		HideSolutionNode = FALSE
	EndGlobalSection
	GlobalSection(ExtensibilityGlobals) = postSolution
		SolutionGuid = {8D0A8433-69C6-4504-B2AD-2320C011CCBB}
	EndGlobalSection
EndGlobal
